
Microsoft Visual Studio Solution File, Format Version 12.00
# Visual Studio 15
VisualStudioVersion = 15.0.27004.2002
MinimumVisualStudioVersion = 10.0.40219.1
Project("{FAE04EC0-301F-11D3-BF4B-00C04F79EFBC}") = "EnterpriseWebSite.DAL", "EnterpriseWebSite.DAL\EnterpriseWebSite.DAL.csproj", "{08358904-0BEB-419F-B91B-AE87D16DCDBA}"
EndProject
Project("{FAE04EC0-301F-11D3-BF4B-00C04F79EFBC}") = "EnterpriseWebSite.BLL", "EnterpriseWebSite.BLL\EnterpriseWebSite.BLL.csproj", "{7896BDB8-9AB5-4E0F-A5C9-C8DAADD88A1F}"
EndProject
Project("{FAE04EC0-301F-11D3-BF4B-00C04F79EFBC}") = "EnterpriseWebSite.Common", "EnterpriseWebSite.Common\EnterpriseWebSite.Common.csproj", "{28F016EB-0534-4E0A-A137-BD2D6E001093}"
EndProject
Project("{FAE04EC0-301F-11D3-BF4B-00C04F79EFBC}") = "EnterpriseWebSite.Web", "EnterpriseWebSite.Web\EnterpriseWebSite.Web.csproj", "{445915B1-78DF-4670-A317-D1EB6370B7E0}"
EndProject
Global
	GlobalSection(SolutionConfigurationPlatforms) = preSolution
		Debug|Any CPU = Debug|Any CPU
		Release|Any CPU = Release|Any CPU
	EndGlobalSection
	GlobalSection(ProjectConfigurationPlatforms) = postSolution
		{08358904-0BEB-419F-B91B-AE87D16DCDBA}.Debug|Any CPU.ActiveCfg = Debug|Any CPU
		{08358904-0BEB-419F-B91B-AE87D16DCDBA}.Debug|Any CPU.Build.0 = Debug|Any CPU
		{08358904-0BEB-419F-B91B-AE87D16DCDBA}.Release|Any CPU.ActiveCfg = Release|Any CPU
		{08358904-0BEB-419F-B91B-AE87D16DCDBA}.Release|Any CPU.Build.0 = Release|Any CPU
		{7896BDB8-9AB5-4E0F-A5C9-C8DAADD88A1F}.Debug|Any CPU.ActiveCfg = Debug|Any CPU
		{7896BDB8-9AB5-4E0F-A5C9-C8DAADD88A1F}.Debug|Any CPU.Build.0 = Debug|Any CPU
		{7896BDB8-9AB5-4E0F-A5C9-C8DAADD88A1F}.Release|Any CPU.ActiveCfg = Release|Any CPU
		{7896BDB8-9AB5-4E0F-A5C9-C8DAADD88A1F}.Release|Any CPU.Build.0 = Release|Any CPU
		{28F016EB-0534-4E0A-A137-BD2D6E001093}.Debug|Any CPU.ActiveCfg = Debug|Any CPU
		{28F016EB-0534-4E0A-A137-BD2D6E001093}.Debug|Any CPU.Build.0 = Debug|Any CPU
		{28F016EB-0534-4E0A-A137-BD2D6E001093}.Release|Any CPU.ActiveCfg = Release|Any CPU
		{28F016EB-0534-4E0A-A137-BD2D6E001093}.Release|Any CPU.Build.0 = Release|Any CPU
		{445915B1-78DF-4670-A317-D1EB6370B7E0}.Debug|Any CPU.ActiveCfg = Debug|Any CPU
		{445915B1-78DF-4670-A317-D1EB6370B7E0}.Debug|Any CPU.Build.0 = Debug|Any CPU
		{445915B1-78DF-4670-A317-D1EB6370B7E0}.Release|Any CPU.ActiveCfg = Release|Any CPU
		{445915B1-78DF-4670-A317-D1EB6370B7E0}.Release|Any CPU.Build.0 = Release|Any CPU
	EndGlobalSection
	GlobalSection(SolutionProperties) = preSolution
		HideSolutionNode = FALSE
	EndGlobalSection
	GlobalSection(ExtensibilityGlobals) = postSolution
		SolutionGuid = {059D86CF-5F67-4F04-9ED1-0F9FC07D8ACD}
	EndGlobalSection
EndGlobal
